
Microsoft Visual Studio Solution File, Format Version 12.00
# Visual Studio Version 17
VisualStudioVersion = 17.1.32328.378
MinimumVisualStudioVersion = 10.0.40219.1
Project("{FAE04EC0-301F-11D3-BF4B-00C04F79EFBC}") = "ass 1", "ass 1.csproj", "{3D44C389-F564-4FE6-A2DC-EB285CC5837B}"
EndProject
Global
	GlobalSection(SolutionConfigurationPlatforms) = preSolution
		Debug|Any CPU = Debug|Any CPU
		Release|Any CPU = Release|Any CPU
	EndGlobalSection
	GlobalSection(ProjectConfigurationPlatforms) = postSolution
		{3D44C389-F564-4FE6-A2DC-EB285CC5837B}.Debug|Any CPU.ActiveCfg = Debug|Any CPU
		{3D44C389-F564-4FE6-A2DC-EB285CC5837B}.Debug|Any CPU.Build.0 = Debug|Any CPU
		{3D44C389-F564-4FE6-A2DC-EB285CC5837B}.Release|Any CPU.ActiveCfg = Release|Any CPU
		{3D44C389-F564-4FE6-A2DC-EB285CC5837B}.Release|Any CPU.Build.0 = Release|Any CPU
	EndGlobalSection
	GlobalSection(SolutionProperties) = preSolution
		HideSolutionNode = FALSE
	EndGlobalSection
	GlobalSection(ExtensibilityGlobals) = postSolution
		SolutionGuid = {0219DD09-3EAC-46ED-90A2-0752BBED084E}
	EndGlobalSection
EndGlobal
